{
  "name": "suki-bot",
  "version": "2.0.0",
  "lockfileVersion": 3,
  "requires": true,
  "packages": {
    "": {
      "name": "suki-bot",
      "version": "2.0.0",
      "license": "ISC",
      "dependencies": {
        "axios": "^1.7.7",
        "discord.js": "^14.16.3",
        "dotenv": "^16.4.5",
        "groq-sdk": "^0.8.0",
        "sagiri": "^4.0.1"
      },
      "engines": {
        "node": "20.x",
        "npm": "10.x"
      }
    }
  }
}